
Microsoft Visual Studio Solution File, Format Version 11.00
# Visual Studio 2010
Project("{FAE04EC0-301F-11D3-BF4B-00C04F79EFBC}") = "HelloWorldApp", "HelloWorldApp\HelloWorldApp.csproj", "{D3B43F7C-6CB3-4B74-ACB9-BE9DC2822761}"
EndProject
Global
	GlobalSection(SolutionConfigurationPlatforms) = preSolution
		Debug|x86 = Debug|x86
		Release|x86 = Release|x86
	EndGlobalSection
	GlobalSection(ProjectConfigurationPlatforms) = postSolution
		{D3B43F7C-6CB3-4B74-ACB9-BE9DC2822761}.Debug|x86.ActiveCfg = Debug|x86
		{D3B43F7C-6CB3-4B74-ACB9-BE9DC2822761}.Debug|x86.Build.0 = Debug|x86
		{D3B43F7C-6CB3-4B74-ACB9-BE9DC2822761}.Release|x86.ActiveCfg = Release|x86
		{D3B43F7C-6CB3-4B74-ACB9-BE9DC2822761}.Release|x86.Build.0 = Release|x86
	EndGlobalSection
	GlobalSection(SolutionProperties) = preSolution
		HideSolutionNode = FALSE
	EndGlobalSection
EndGlobal
